
Microsoft Visual Studio Solution File, Format Version 12.00
# Visual Studio Version 17
VisualStudioVersion = 17.0.31903.59
MinimumVisualStudioVersion = 10.0.40219.1
Project("{FAE04EC0-301F-11D3-BF4B-00C04F79EFBC}") = "AzureAIStreamer.Console", "AzureAIStreamer.Console\AzureAIStreamer.Console.csproj", "{6CC74BCA-78EC-42B4-9245-788C35CA249C}"
EndProject
Project("{FAE04EC0-301F-11D3-BF4B-00C04F79EFBC}") = "AzureAIStreamer.Models", "AzureAIStreamer.Models\AzureAIStreamer.Models.csproj", "{9A8241B9-C33A-4405-AB43-D1F436D20405}"
EndProject
Global
	GlobalSection(SolutionConfigurationPlatforms) = preSolution
		Debug|Any CPU = Debug|Any CPU
		Debug|x64 = Debug|x64
		Debug|x86 = Debug|x86
		Release|Any CPU = Release|Any CPU
		Release|x64 = Release|x64
		Release|x86 = Release|x86
	EndGlobalSection
	GlobalSection(ProjectConfigurationPlatforms) = postSolution
		{6CC74BCA-78EC-42B4-9245-788C35CA249C}.Debug|Any CPU.ActiveCfg = Debug|Any CPU
		{6CC74BCA-78EC-42B4-9245-788C35CA249C}.Debug|Any CPU.Build.0 = Debug|Any CPU
		{6CC74BCA-78EC-42B4-9245-788C35CA249C}.Debug|x64.ActiveCfg = Debug|Any CPU
		{6CC74BCA-78EC-42B4-9245-788C35CA249C}.Debug|x64.Build.0 = Debug|Any CPU
		{6CC74BCA-78EC-42B4-9245-788C35CA249C}.Debug|x86.ActiveCfg = Debug|Any CPU
		{6CC74BCA-78EC-42B4-9245-788C35CA249C}.Debug|x86.Build.0 = Debug|Any CPU
		{6CC74BCA-78EC-42B4-9245-788C35CA249C}.Release|Any CPU.ActiveCfg = Release|Any CPU
		{6CC74BCA-78EC-42B4-9245-788C35CA249C}.Release|Any CPU.Build.0 = Release|Any CPU
		{6CC74BCA-78EC-42B4-9245-788C35CA249C}.Release|x64.ActiveCfg = Release|Any CPU
		{6CC74BCA-78EC-42B4-9245-788C35CA249C}.Release|x64.Build.0 = Release|Any CPU
		{6CC74BCA-78EC-42B4-9245-788C35CA249C}.Release|x86.ActiveCfg = Release|Any CPU
		{6CC74BCA-78EC-42B4-9245-788C35CA249C}.Release|x86.Build.0 = Release|Any CPU
		{9A8241B9-C33A-4405-AB43-D1F436D20405}.Debug|Any CPU.ActiveCfg = Debug|Any CPU
		{9A8241B9-C33A-4405-AB43-D1F436D20405}.Debug|Any CPU.Build.0 = Debug|Any CPU
		{9A8241B9-C33A-4405-AB43-D1F436D20405}.Debug|x64.ActiveCfg = Debug|Any CPU
		{9A8241B9-C33A-4405-AB43-D1F436D20405}.Debug|x64.Build.0 = Debug|Any CPU
		{9A8241B9-C33A-4405-AB43-D1F436D20405}.Debug|x86.ActiveCfg = Debug|Any CPU
		{9A8241B9-C33A-4405-AB43-D1F436D20405}.Debug|x86.Build.0 = Debug|Any CPU
		{9A8241B9-C33A-4405-AB43-D1F436D20405}.Release|Any CPU.ActiveCfg = Release|Any CPU
		{9A8241B9-C33A-4405-AB43-D1F436D20405}.Release|Any CPU.Build.0 = Release|Any CPU
		{9A8241B9-C33A-4405-AB43-D1F436D20405}.Release|x64.ActiveCfg = Release|Any CPU
		{9A8241B9-C33A-4405-AB43-D1F436D20405}.Release|x64.Build.0 = Release|Any CPU
		{9A8241B9-C33A-4405-AB43-D1F436D20405}.Release|x86.ActiveCfg = Release|Any CPU
		{9A8241B9-C33A-4405-AB43-D1F436D20405}.Release|x86.Build.0 = Release|Any CPU
	EndGlobalSection
	GlobalSection(SolutionProperties) = preSolution
		HideSolutionNode = FALSE
	EndGlobalSection
EndGlobal
